
Microsoft Visual Studio Solution File, Format Version 12.00
# Visual Studio Version 17
VisualStudioVersion = 17.8.34330.188
MinimumVisualStudioVersion = 10.0.40219.1
Project("{9A19103F-16F7-4668-BE54-9A1E7A4F7556}") = "Domain", "Domain\Domain.csproj", "{741703A5-913F-4617-ACCE-C5BFA4192E90}"
EndProject
Project("{9A19103F-16F7-4668-BE54-9A1E7A4F7556}") = "Application", "Application\Application.csproj", "{F962B300-4A3B-4C9B-BC8C-3624FCF84C0C}"
EndProject
Project("{9A19103F-16F7-4668-BE54-9A1E7A4F7556}") = "Infrastructure", "Infrastructure\Infrastructure.csproj", "{ECAC2A68-0E46-4178-8132-4C90009C0B3E}"
EndProject
Project("{9A19103F-16F7-4668-BE54-9A1E7A4F7556}") = "API", "API\API.csproj", "{C78573BF-0339-4D1E-A585-E7261683D75C}"
EndProject
Global
	GlobalSection(SolutionConfigurationPlatforms) = preSolution
		Debug|Any CPU = Debug|Any CPU
		Release|Any CPU = Release|Any CPU
	EndGlobalSection
	GlobalSection(ProjectConfigurationPlatforms) = postSolution
		{741703A5-913F-4617-ACCE-C5BFA4192E90}.Debug|Any CPU.ActiveCfg = Debug|Any CPU
		{741703A5-913F-4617-ACCE-C5BFA4192E90}.Debug|Any CPU.Build.0 = Debug|Any CPU
		{741703A5-913F-4617-ACCE-C5BFA4192E90}.Release|Any CPU.ActiveCfg = Release|Any CPU
		{741703A5-913F-4617-ACCE-C5BFA4192E90}.Release|Any CPU.Build.0 = Release|Any CPU
		{F962B300-4A3B-4C9B-BC8C-3624FCF84C0C}.Debug|Any CPU.ActiveCfg = Debug|Any CPU
		{F962B300-4A3B-4C9B-BC8C-3624FCF84C0C}.Debug|Any CPU.Build.0 = Debug|Any CPU
		{F962B300-4A3B-4C9B-BC8C-3624FCF84C0C}.Release|Any CPU.ActiveCfg = Release|Any CPU
		{F962B300-4A3B-4C9B-BC8C-3624FCF84C0C}.Release|Any CPU.Build.0 = Release|Any CPU
		{ECAC2A68-0E46-4178-8132-4C90009C0B3E}.Debug|Any CPU.ActiveCfg = Debug|Any CPU
		{ECAC2A68-0E46-4178-8132-4C90009C0B3E}.Debug|Any CPU.Build.0 = Debug|Any CPU
		{ECAC2A68-0E46-4178-8132-4C90009C0B3E}.Release|Any CPU.ActiveCfg = Release|Any CPU
		{ECAC2A68-0E46-4178-8132-4C90009C0B3E}.Release|Any CPU.Build.0 = Release|Any CPU
		{C78573BF-0339-4D1E-A585-E7261683D75C}.Debug|Any CPU.ActiveCfg = Debug|Any CPU
		{C78573BF-0339-4D1E-A585-E7261683D75C}.Debug|Any CPU.Build.0 = Debug|Any CPU
		{C78573BF-0339-4D1E-A585-E7261683D75C}.Release|Any CPU.ActiveCfg = Release|Any CPU
		{C78573BF-0339-4D1E-A585-E7261683D75C}.Release|Any CPU.Build.0 = Release|Any CPU
	EndGlobalSection
	GlobalSection(SolutionProperties) = preSolution
		HideSolutionNode = FALSE
	EndGlobalSection
	GlobalSection(ExtensibilityGlobals) = postSolution
		SolutionGuid = {25A5B4DD-3DAC-4EEE-B299-DAA9716C10ED}
	EndGlobalSection
EndGlobal
